// !$*UTF8*$!
{
	archiveVersion = 1;
	classes = {
	};
	objectVersion = 46;
	objects = {

/* Begin PBXBuildFile section */
		07E52A851E26B6A80032B03D /* AppDelegate.swift in Sources */ = {isa = PBXBuildFile; fileRef = 07E52A841E26B6A80032B03D /* AppDelegate.swift */; };
		07E52A871E26B6A80032B03D /* ViewController.swift in Sources */ = {isa = PBXBuildFile; fileRef = 07E52A861E26B6A80032B03D /* ViewController.swift */; };
		07E52A8A1E26B6A80032B03D /* Main.storyboard in Resources */ = {isa = PBXBuildFile; fileRef = 07E52A881E26B6A80032B03D /* Main.storyboard */; };
		07E52A8C1E26B6A80032B03D /* Assets.xcassets in Resources */ = {isa = PBXBuildFile; fileRef = 07E52A8B1E26B6A80032B03D /* Assets.xcassets */; };
		07E52A8F1E26B6A80032B03D /* LaunchScreen.storyboard in Resources */ = {isa = PBXBuildFile; fileRef = 07E52A8D1E26B6A80032B03D /* LaunchScreen.storyboard */; };
		07E52A971E26BA990032B03D /* SimpleSound.swift in Sources */ = {isa = PBXBuildFile; fileRef = 07E52A961E26BA990032B03D /* SimpleSound.swift */; };
/* End PBXBuildFile section */

/* Begin PBXFileReference section */
		07E52A811E26B6A80032B03D /* AnimalSounds.app */ = {isa = PBXFileReference; explicitFileType = wrapper.application; includeInIndex = 0; path = AnimalSounds.app; sourceTree = BUILT_PRODUCTS_DIR; };
		07E52A841E26B6A80032B03D /* AppDelegate.swift */ = {isa = PBXFileReference; lastKnownFileType = sourcecode.swift; path = AppDelegate.swift; sourceTree = "<group>"; };
		07E52A861E26B6A80032B03D /* ViewController.swift */ = {isa = PBXFileReference; lastKnownFileType = sourcecode.swift; path = ViewController.swift; sourceTree = "<group>"; };
		07E52A891E26B6A80032B03D /* Base */ = {isa = PBXFileReference; lastKnownFileType = file.storyboard; name = Base; path = Base.lproj/Main.storyboard; sourceTree = "<group>"; };
		07E52A8B1E26B6A80032B03D /* Assets.xcassets */ = {isa = PBXFileReference; lastKnownFileType = folder.assetcatalog; path = Assets.xcassets; sourceTree = "<group>"; };
		07E52A8E1E26B6A80032B03D /* Base */ = {isa = PBXFileReference; lastKnownFileType = file.storyboard; name = Base; path = Base.lproj/LaunchScreen.storyboard; sourceTree = "<group>"; };
		07E52A901E26B6A80032B03D /* Info.plist */ = {isa = PBXFileReference; lastKnownFileType = text.plist.xml; path = Info.plist; sourceTree = "<group>"; };
		07E52A961E26BA990032B03D /* SimpleSound.swift */ = {isa = PBXFileReference; fileEncoding = 4; lastKnownFileType = sourcecode.swift; path = SimpleSound.swift; sourceTree = "<group>"; };
		07E52A981E26BABC0032B03D /* woof.m4a */ = {isa = PBXFileReference; lastKnownFileType = file; path = woof.m4a; sourceTree = "<group>"; };
		07E52A991E26BAC20032B03D /* moo.m4a */ = {isa = PBXFileReference; lastKnownFileType = file; path = moo.m4a; sourceTree = "<group>"; };
		07E52A9A1E26BAC70032B03D /* meow.m4a */ = {isa = PBXFileReference; lastKnownFileType = file; path = meow.m4a; sourceTree = "<group>"; };
/* End PBXFileReference section */

/* Begin PBXFrameworksBuildPhase section */
		07E52A7E1E26B6A80032B03D /* Frameworks */ = {
			isa = PBXFrameworksBuildPhase;
			buildActionMask = 2147483647;
			files = (
			);
			runOnlyForDeploymentPostprocessing = 0;
		};
/* End PBXFrameworksBuildPhase section */

/* Begin PBXGroup section */
		07E52A781E26B6A80032B03D = {
			isa = PBXGroup;
			children = (
				07E52A831E26B6A80032B03D /* AnimalSounds */,
				07E52A821E26B6A80032B03D /* Products */,
			);
			sourceTree = "<group>";
		};
		07E52A821E26B6A80032B03D /* Products */ = {
			isa = PBXGroup;
			children = (
				07E52A811E26B6A80032B03D /* AnimalSounds.app */,
			);
			name = Products;
			sourceTree = "<group>";
		};
		07E52A831E26B6A80032B03D /* AnimalSounds */ = {
			isa = PBXGroup;
			children = (
				07E52A841E26B6A80032B03D /* AppDelegate.swift */,
				07E52A861E26B6A80032B03D /* ViewController.swift */,
				07E52A961E26BA990032B03D /* SimpleSound.swift */,
				07E52A9A1E26BAC70032B03D /* meow.m4a */,
				07E52A981E26BABC0032B03D /* woof.m4a */,
				07E52A991E26BAC20032B03D /* moo.m4a */,
				07E52A881E26B6A80032B03D /* Main.storyboard */,
				07E52A8B1E26B6A80032B03D /* Assets.xcassets */,
				07E52A8D1E26B6A80032B03D /* LaunchScreen.storyboard */,
				07E52A901E26B6A80032B03D /* Info.plist */,
			);
			path = AnimalSounds;
			sourceTree = "<group>";
		};
/* End PBXGroup section */

/* Begin PBXNativeTarget section */
		07E52A801E26B6A80032B03D /* AnimalSounds */ = {
			isa = PBXNativeTarget;
			buildConfigurationList = 07E52A931E26B6A80032B03D /* Build configuration list for PBXNativeTarget "AnimalSounds" */;
			buildPhases = (
				07E52A7D1E26B6A80032B03D /* Sources */,
				07E52A7E1E26B6A80032B03D /* Frameworks */,
				07E52A7F1E26B6A80032B03D /* Resources */,
			);
			buildRules = (
			);
			dependencies = (
			);
			name = AnimalSounds;
			productName = AnimalSounds;
			productReference = 07E52A811E26B6A80032B03D /* AnimalSounds.app */;
			productType = "com.apple.product-type.application";
		};
/* End PBXNativeTarget section */

/* Begin PBXProject section */
		07E52A791E26B6A80032B03D /* Project object */ = {
			isa = PBXProject;
			attributes = {
				LastSwiftUpdateCheck = 0820;
				LastUpgradeCheck = 0820;
				ORGANIZATIONNAME = dssafsfsd;
				TargetAttributes = {
					07E52A801E26B6A80032B03D = {
						CreatedOnToolsVersion = 8.2.1;
						ProvisioningStyle = Automatic;
					};
				};
			};
			buildConfigurationList = 07E52A7C1E26B6A80032B03D /* Build configuration list for PBXProject "AnimalSounds" */;
			compatibilityVersion = "Xcode 3.2";
			developmentRegion = English;
			hasScannedForEncodings = 0;
			knownRegions = (
				en,
				Base,
			);
			mainGroup = 07E52A781E26B6A80032B03D;
			productRefGroup = 07E52A821E26B6A80032B03D /* Products */;
			projectDirPath = "";
			projectRoot = "";
			targets = (
				07E52A801E26B6A80032B03D /* AnimalSounds */,
			);
		};
/* End PBXProject section */

/* Begin PBXResourcesBuildPhase section */
		07E52A7F1E26B6A80032B03D /* Resources */ = {
			isa = PBXResourcesBuildPhase;
			buildActionMask = 2147483647;
			files = (
				07E52A8F1E26B6A80032B03D /* LaunchScreen.storyboard in Resources */,
				07E52A8C1E26B6A80032B03D /* Assets.xcassets in Resources */,
				07E52A8A1E26B6A80032B03D /* Main.storyboard in Resources */,
			);
			runOnlyForDeploymentPostprocessing = 0;
		};
/* End PBXResourcesBuildPhase section */

/* Begin PBXSourcesBuildPhase section */
		07E52A7D1E26B6A80032B03D /* Sources */ = {
			isa = PBXSourcesBuildPhase;
			buildActionMask = 2147483647;
			files = (
				07E52A971E26BA990032B03D /* SimpleSound.swift in Sources */,
				07E52A871E26B6A80032B03D /* ViewController.swift in Sources */,
				07E52A851E26B6A80032B03D /* AppDelegate.swift in Sources */,
			);
			runOnlyForDeploymentPostprocessing = 0;
		};
/* End PBXSourcesBuildPhase section */

/* Begin PBXVariantGroup section */
		07E52A881E26B6A80032B03D /* Main.storyboard */ = {
			isa = PBXVariantGroup;
			children = (
				07E52A891E26B6A80032B03D /* Base */,
			);
			name = Main.storyboard;
			sourceTree = "<group>";
		};
		07E52A8D1E26B6A80032B03D /* LaunchScreen.storyboard */ = {
			isa = PBXVariantGroup;
			children = (
				07E52A8E1E26B6A80032B03D /* Base */,
			);
			name = LaunchScreen.storyboard;
			sourceTree = "<group>";
		};
/* End PBXVariantGroup section */

/* Begin XCBuildConfiguration section */
		07E52A911E26B6A80032B03D /* Debug */ = {
			isa = XCBuildConfiguration;
			buildSettings = {
				ALWAYS_SEARCH_USER_PATHS = NO;
				CLANG_ANALYZER_NONNULL = YES;
				CLANG_CXX_LANGUAGE_STANDARD = "gnu++0x";
				CLANG_CXX_LIBRARY = "libc++";
				CLANG_ENABLE_MODULES = YES;
				CLANG_ENABLE_OBJC_ARC = YES;
				CLANG_WARN_BOOL_CONVERSION = YES;
				CLANG_WARN_CONSTANT_CONVERSION = YES;
				CLANG_WARN_DIRECT_OBJC_ISA_USAGE = YES_ERROR;
				CLANG_WARN_DOCUMENTATION_COMMENTS = YES;
				CLANG_WARN_EMPTY_BODY = YES;
				CLANG_WARN_ENUM_CONVERSION = YES;
				CLANG_WARN_INFINITE_RECURSION = YES;
				CLANG_WARN_INT_CONVERSION = YES;
				CLANG_WARN_OBJC_ROOT_CLASS = YES_ERROR;
				CLANG_WARN_SUSPICIOUS_MOVE = YES;
				CLANG_WARN_UNREACHABLE_CODE = YES;
				CLANG_WARN__DUPLICATE_METHOD_MATCH = YES;
				"CODE_SIGN_IDENTITY[sdk=iphoneos*]" = "iPhone Developer";
				COPY_PHASE_STRIP = NO;
				DEBUG_INFORMATION_FORMAT = dwarf;
				ENABLE_STRICT_OBJC_MSGSEND = YES;
				ENABLE_TESTABILITY = YES;
				GCC_C_LANGUAGE_STANDARD = gnu99;
				GCC_DYNAMIC_NO_PIC = NO;
				GCC_NO_COMMON_BLOCKS = YES;
				GCC_OPTIMIZATION_LEVEL = 0;
				GCC_PREPROCESSOR_DEFINITIONS = (
					"DEBUG=1",
					"$(inherited)",
				);
				GCC_WARN_64_TO_32_BIT_CONVERSION = YES;
				GCC_WARN_ABOUT_RETURN_TYPE = YES_ERROR;
				GCC_WARN_UNDECLARED_SELECTOR = YES;
				GCC_WARN_UNINITIALIZED_AUTOS = YES_AGGRESSIVE;
				GCC_WARN_UNUSED_FUNCTION = YES;
				GCC_WARN_UNUSED_VARIABLE = YES;
				IPHONEOS_DEPLOYMENT_TARGET = 10.2;
				MTL_ENABLE_DEBUG_INFO = YES;
				ONLY_ACTIVE_ARCH = YES;
				SDKROOT = iphoneos;
				SWIFT_ACTIVE_COMPILATION_CONDITIONS = DEBUG;
				SWIFT_OPTIMIZATION_LEVEL = "-Onone";
				TARGETED_DEVICE_FAMILY = "1,2";
			};
			name = Debug;
		};
		07E52A921E26B6A80032B03D /* Release */ = {
			isa = XCBuildConfiguration;
			buildSettings = {
				ALWAYS_SEARCH_USER_PATHS = NO;
				CLANG_ANALYZER_NONNULL = YES;
				CLANG_CXX_LANGUAGE_STANDARD = "gnu++0x";
				CLANG_CXX_LIBRARY = "libc++";
				CLANG_ENABLE_MODULES = YES;
				CLANG_ENABLE_OBJC_ARC = YES;
				CLANG_WARN_BOOL_CONVERSION = YES;
				CLANG_WARN_CONSTANT_CONVERSION = YES;
				CLANG_WARN_DIRECT_OBJC_ISA_USAGE = YES_ERROR;
				CLANG_WARN_DOCUMENTATION_COMMENTS = YES;
				CLANG_WARN_EMPTY_BODY = YES;
				CLANG_WARN_ENUM_CONVERSION = YES;
				CLANG_WARN_INFINITE_RECURSION = YES;
				CLANG_WARN_INT_CONVERSION = YES;
				CLANG_WARN_OBJC_ROOT_CLASS = YES_ERROR;
				CLANG_WARN_SUSPICIOUS_MOVE = YES;
				CLANG_WARN_UNREACHABLE_CODE = YES;
				CLANG_WARN__DUPLICATE_METHOD_MATCH = YES;
				"CODE_SIGN_IDENTITY[sdk=iphoneos*]" = "iPhone Developer";
				COPY_PHASE_STRIP = NO;
				DEBUG_INFORMATION_FORMAT = "dwarf-with-dsym";
				ENABLE_NS_ASSERTIONS = NO;
				ENABLE_STRICT_OBJC_MSGSEND = YES;
				GCC_C_LANGUAGE_STANDARD = gnu99;
				GCC_NO_COMMON_BLOCKS = YES;
				GCC_WARN_64_TO_32_BIT_CONVERSION = YES;
				GCC_WARN_ABOUT_RETURN_TYPE = YES_ERROR;
				GCC_WARN_UNDECLARED_SELECTOR = YES;
				GCC_WARN_UNINITIALIZED_AUTOS = YES_AGGRESSIVE;
				GCC_WARN_UNUSED_FUNCTION = YES;
				GCC_WARN_UNUSED_VARIABLE = YES;
				IPHONEOS_DEPLOYMENT_TARGET = 10.2;
				MTL_ENABLE_DEBUG_INFO = NO;
				SDKROOT = iphoneos;
				SWIFT_OPTIMIZATION_LEVEL = "-Owholemodule";
				TARGETED_DEVICE_FAMILY = "1,2";
				VALIDATE_PRODUCT = YES;
			};
			name = Release;
		};
		07E52A941E26B6A80032B03D /* Debug */ = {
			isa = XCBuildConfiguration;
			buildSettings = {
				ASSETCATALOG_COMPILER_APPICON_NAME = AppIcon;
				INFOPLIST_FILE = AnimalSounds/Info.plist;
				LD_RUNPATH_SEARCH_PATHS = "$(inherited) @executable_path/Frameworks";
				PRODUCT_BUNDLE_IDENTIFIER = dsafdsfads.AnimalSounds;
				PRODUCT_NAME = "$(TARGET_NAME)";
				SWIFT_VERSION = 3.0;
			};
			name = Debug;
		};
		07E52A951E26B6A80032B03D /* Release */ = {
			isa = XCBuildConfiguration;
			buildSettings = {
				ASSETCATALOG_COMPILER_APPICON_NAME = AppIcon;
				INFOPLIST_FILE = AnimalSounds/Info.plist;
				LD_RUNPATH_SEARCH_PATHS = "$(inherited) @executable_path/Frameworks";
				PRODUCT_BUNDLE_IDENTIFIER = dsafdsfads.AnimalSounds;
				PRODUCT_NAME = "$(TARGET_NAME)";
				SWIFT_VERSION = 3.0;
			};
			name = Release;
		};
/* End XCBuildConfiguration section */

/* Begin XCConfigurationList section */
		07E52A7C1E26B6A80032B03D /* Build configuration list for PBXProject "AnimalSounds" */ = {
			isa = XCConfigurationList;
			buildConfigurations = (
				07E52A911E26B6A80032B03D /* Debug */,
				07E52A921E26B6A80032B03D /* Release */,
			);
			defaultConfigurationIsVisible = 0;
			defaultConfigurationName = Release;
		};
		07E52A931E26B6A80032B03D /* Build configuration list for PBXNativeTarget "AnimalSounds" */ = {
			isa = XCConfigurationList;
			buildConfigurations = (
				07E52A941E26B6A80032B03D /* Debug */,
				07E52A951E26B6A80032B03D /* Release */,
			);
			defaultConfigurationIsVisible = 0;
		};
/* End XCConfigurationList section */
	};
	rootObject = 07E52A791E26B6A80032B03D /* Project object */;
}
